###################################################################################################
##
##  DO NOT EDIT THIS FILE.
##  This is a locked requirements file generated by pyorbs.
##
##  Requirements hash: 1ee731f9f4062379bc8d8e264b16fa11aff49a81e0ef42626d33ae8c06bd10a1
##
###################################################################################################
pip==23.0
setuptools==67.2.0
wheel==0.38.4
