###################################################################################################
##
##  DO NOT EDIT THIS FILE.
##  This is a locked requirements file generated by pyorbs.
##
##  Requirements hash: 26d73f091f6bc350cfe101186c7883afa2a85393b4ce6f43bdbfd01d5068b871
##
###################################################################################################
pip==23.0
setuptools==67.2.0
wheel==0.38.4
