###################################################################################################
##
##  DO NOT EDIT THIS FILE.
##  This is a locked requirements file generated by pyorbs.
##
##  Requirements hash: 940d759cff0f9ab55e8d1af7d27f39fa2bc303a201a53e0a1e1a3a7ba3fb8d7c
##
###################################################################################################
-i https://pypi.python.org/simple
--extra-index-url https://pypi.python.org/simple
pip==19.0.1
setuptools==20.7.0
wheel==0.37.1
