###################################################################################################
##
##  DO NOT EDIT THIS FILE.
##  This is a locked requirements file generated by pyorbs.
##
##  Requirements hash: 90089af81ca55c61d0a4c84c43bd2fa8eb8605be339beb4522a53c56fa7dc5ef
##
###################################################################################################
-i https://pypi.python.org/simple
--extra-index-url https://pypi.python.org/simple
pip==19.0.1
setuptools==20.7.0
wheel==0.37.1
