###################################################################################################
##
##  DO NOT EDIT THIS FILE.
##  This is a locked requirements file generated by pyorbs.
##
##  Requirements hash: cb557d2bc4889d01c6d943d2f68a2d78059e677ae805e81ad81964fefb41d153
##
###################################################################################################
-i https://pypi.python.org/simple
--extra-index-url https://pypi.python.org/simple
pip==19.0.1
setuptools==20.7.0
wheel==0.37.1
