###################################################################################################
##
##  DO NOT EDIT THIS FILE.
##  This is a locked requirements file generated by pyorbs.
##
##  Requirements hash: d9138230d0a782b24a6193b3c7bbe5e20def873c33b71760e78655f90cbf4ebb
##
###################################################################################################
-i https://pypi.python.org/simple
--extra-index-url https://pypi.python.org/simple
pip==23.0
setuptools==67.2.0
wheel==0.38.4
