###################################################################################################
##
##  DO NOT EDIT THIS FILE.
##  This is a locked requirements file generated by pyorbs.
##
##  Requirements hash: ce97a21d7282a48493b21987cefcc84cac62c4819c0d8a670c54a84af455dfdf
##
###################################################################################################
pip==19.0.1
setuptools==40.8.0
wheel==0.37.1
