#####################################################################
##
##  DO NOT EDIT THIS FILE.
##  This is a locked requirements file generated by pyorbs.
##
##  Requirements hash: 06093361501694e58c433355044a3be26ea27950565b6f9af91e05d545e39ba6
##
#####################################################################
pip==19.0.1
setuptools==40.8.0
