###################################################################################################
##
##  DO NOT EDIT THIS FILE.
##  This is a locked requirements file generated by pyorbs.
##
##  Requirements hash: ef9d69ce0e948c722701791148e3186db436d67e35b2281528c98b338a04d214
##
###################################################################################################
pip==19.0.1
setuptools==40.8.0
wheel==0.37.1
