#####################################################################
##
##  DO NOT EDIT THIS FILE.
##  This is a locked requirements file generated by pyorbs.
##
##  Requirements hash: 3d276b09a6e2f9f08f4a278c1915c9d868315ba5e6704d1cac9ea4c31865a593
##
#####################################################################
pip==19.0.1
setuptools==41.1.0
