###################################################################################################
##
##  DO NOT EDIT THIS FILE.
##  This is a locked requirements file generated by pyorbs.
##
##  Requirements hash: eb829c162076080db82750b739ebe7b8ee65565c3b65c6a97a5aa60e0013b4df
##
###################################################################################################
pip==19.0.1
setuptools==40.8.0
wheel==0.37.1
