###################################################################################################
##
##  DO NOT EDIT THIS FILE.
##  This is a locked requirements file generated by pyorbs.
##
##  Requirements hash: 406c32370639e3f8bae5515ed3856f79ff95e55ceed08c333cab8790a383782d
##
###################################################################################################
pip==19.0.1
setuptools==20.7.0
wheel==0.37.1
