#####################################################################
##
##  DO NOT EDIT THIS FILE.
##  This is a locked requirements file generated by pyorbs.
##
##  Requirements hash: 8905ad1c0772f18279780a7ee6c8dae7ccf915a669b10d5918d3026aa8ea90f1
##
#####################################################################
pip==19.0.1
setuptools==20.7.0
