###################################################################################################
##
##  DO NOT EDIT THIS FILE.
##  This is a locked requirements file generated by pyorbs.
##
##  Requirements hash: 0bf674fc187c9434cc27715b260ff3b033e20650f836d1e8b1ce112081a56574
##
###################################################################################################
pip==19.0.1
setuptools==20.7.0
wheel==0.37.1
