#####################################################################
##
##  DO NOT EDIT THIS FILE.
##  This is a locked requirements file generated by pyorbs.
##
##  Requirements hash: bfc6b8a8aa29636e98f034483b7b900a14a71f4e47b7309e75758b0b299f7ff8
##
#####################################################################
pip==19.0.1
setuptools==20.7.0
