#####################################################################
##
##  DO NOT EDIT THIS FILE.
##  This is a locked requirements file generated by pyorbs.
##
##  Requirements hash: 17cdc23f74e0262f44d9931c5befe41a533d7c51ae734b2aa148f7ff5aba6979
##
#####################################################################
pip==19.0.1
setuptools==40.8.0
