#####################################################################
##
##  DO NOT EDIT THIS FILE.
##  This is a locked requirements file generated by pyorbs.
##
##  Requirements hash: a2c6d2bdf476de1bd245ea10a2ae6e8a09bee34ee70a0a9df1ef975a15efff0e
##
#####################################################################
pip==19.0.1
setuptools==20.7.0
