###################################################################################################
##
##  DO NOT EDIT THIS FILE.
##  This is a locked requirements file generated by pyorbs.
##
##  Requirements hash: 38cec1d4c56b85aad3ae84016f1bd6195e0528ac8930b7b923a07e3b51913298
##
###################################################################################################
build==1.5.0
certifi==2026.7.22
cffi==2.1.1
charset-normalizer==3.5.1
cryptography==50.0.0
docutils==0.23
id==1.6.1
idna==3.19
jaraco.classes==3.4.0
jaraco.context==6.1.2
jaraco.functools==4.6.0
jeepney==0.9.0
keyring==25.7.0
markdown-it-py==4.2.0
mdurl==0.1.2
more-itertools==11.1.0
nh3==0.3.6
packaging==26.3
pip==26.2.1
pycparser==3.0
Pygments==2.21.0
pyproject_hooks==1.2.0
readme_renderer==45.0
requests==2.34.2
requests-toolbelt==1.0.0
rfc3986==2.0.0
rich==15.0.0
SecretStorage==3.5.0
setuptools==84.0.0
twine==7.0.0
urllib3==2.7.0
wheel==0.48.0
