###################################################################################################
##
##  DO NOT EDIT THIS FILE.
##  This is a locked requirements file generated by pyorbs.
##
##  Requirements hash: e0bc2e2b7e1bc238fcb6f565a07aac37d781bf74b63cbbab14b1706bc1a4f1c9
##
###################################################################################################
build==1.6.0
certifi==2026.7.22
cffi==2.1.1
charset-normalizer==3.5.1
cryptography==50.0.1
docutils==0.23
id==1.6.1
idna==3.19
jaraco.classes==3.4.0
jaraco.context==6.1.2
jaraco.functools==4.6.0
jeepney==0.9.0
keyring==25.7.0
markdown-it-py==4.2.0
mdurl==0.1.2
more-itertools==11.1.0
nh3==0.3.7
packaging==26.3
pip==26.2.1
pycparser==3.0
Pygments==2.21.0
pyproject_hooks==1.2.0
readme_renderer==46.0
requests==2.34.2
requests-toolbelt==1.0.0
rfc3986==2.0.0
rich==15.0.0
SecretStorage==3.5.0
setuptools==84.0.0
twine==7.0.0
urllib3==2.7.0
wheel==0.48.0
