###################################################################################################
##
##  DO NOT EDIT THIS FILE.
##  This is a locked requirements file generated by pyorbs.
##
##  Requirements hash: 4b966e84286870990e5b2f35c748d3d289cc313f0d0828bc7e796ab915d7f817
##
###################################################################################################
build==1.2.2
certifi==2025.1.31
cffi==1.17.1
charset-normalizer==3.4.1
cryptography==44.0.0
docutils==0.21.2
id==1.5.0
idna==3.10
jaraco.classes==3.4.0
jaraco.context==6.0.1
jaraco.functools==4.1.0
jeepney==0.8.0
keyring==25.6.0
markdown-it-py==3.0.0
mdurl==0.1.2
more-itertools==10.6.0
nh3==0.2.20
packaging==24.2
pip==25.0
pycparser==2.22
Pygments==2.19.1
pyproject_hooks==1.2.0
readme_renderer==44.0
requests==2.32.3
requests-toolbelt==1.0.0
rfc3986==2.0.0
rich==13.9.4
SecretStorage==3.3.3
setuptools==75.8.0
twine==6.1.0
urllib3==2.3.0
wheel==0.45.1
