###################################################################################################
##
##  DO NOT EDIT THIS FILE.
##  This is a locked requirements file generated by pyorbs.
##
##  Requirements hash: 1ee7009693bbefe304b875755e799b7a2751171455e8a4a7f692bfbac0d21097
##
###################################################################################################
-e .
alabaster==1.0.0
ast_serialize==0.9.0
astroid==4.0.4
babel==2.18.0
bandit==1.9.4
boolean.py==5.0
build==1.6.0
certifi==2026.7.22
cffi==2.1.1
charset-normalizer==3.5.1
codespell==2.4.3
colorama==0.4.6
coverage==7.16.0
cryptography==50.0.1
dill==0.4.1
docutils==0.21.2
execnet==2.1.2
filelock==3.32.5
id==1.6.1
idna==3.19
imagesize==2.0.1
iniconfig==2.3.0
isort==9.0.1
jaraco.classes==3.4.0
jaraco.context==6.1.2
jaraco.functools==4.6.0
jeepney==0.9.0
Jinja2==3.1.6
keyring==25.7.0
librt==0.15.0
license-expression==30.4.4
logikal-docs==1.2.6
logikal-utils==1.10.1
markdown-it-py==4.2.0
MarkupSafe==3.0.3
mccabe==0.7.0
mdurl==0.1.2
more-itertools==11.1.0
mypy==2.3.1
mypy_extensions==1.1.0
nh3==0.3.7
orjson==3.12.0
packaging==26.3
pathspec==1.1.1
pip==26.2.1
platformdirs==4.11.7
pluggy==1.6.0
psutil==7.2.2
pycodestyle==2.14.0
pycparser==3.0
pydocstyle==6.3.0
Pygments==2.21.0
pylint==4.0.8
pyproject_hooks==1.2.0
pytest==9.1.1
pytest-cov==7.1.0
pytest-logikal==6.5.6
pytest-mock==3.15.1
pytest-mypy==1.0.1
pytest-xdist==3.8.0
PyYAML==6.0.3
readme_renderer==46.0
requests==2.34.2
requests-toolbelt==1.0.0
rfc3986==2.0.0
rich==15.0.0
roman-numerals==4.1.0
roman-numerals-py==4.1.0
SecretStorage==3.5.0
setuptools==84.0.0
snowballstemmer==3.1.1
Sphinx==8.2.3
sphinx_rtd_theme==3.1.0
sphinxcontrib-applehelp==2.0.0
sphinxcontrib-devhelp==2.0.0
sphinxcontrib-htmlhelp==2.1.0
sphinxcontrib-jquery==4.1
sphinxcontrib-jsmath==1.0.1
sphinxcontrib-qthelp==2.0.0
sphinxcontrib-serializinghtml==2.0.0
stevedore==5.9.1
termcolor==3.3.0
time-machine==3.5.0
tomlkit==0.15.1
twine==7.0.0
typing_extensions==4.16.0
urllib3==2.7.0
wheel==0.48.0
