###################################################################################################
##
##  DO NOT EDIT THIS FILE.
##  This is a locked requirements file generated by pyorbs.
##
##  Requirements hash: 31081073b6df8e0fdbe8935d8e29a61933c0b68737a5320a1e3cb9b8600d5cde
##
###################################################################################################
-e .
alabaster==1.0.0
ast_serialize==0.5.0
astroid==4.0.4
babel==2.18.0
bandit==1.9.4
boolean.py==5.0
build==1.5.0
certifi==2026.5.20
cffi==2.0.0
charset-normalizer==3.4.7
codespell==2.4.2
colorama==0.4.6
coverage==7.14.1
cryptography==48.0.0
dill==0.4.1
docutils==0.21.2
execnet==2.1.2
filelock==3.29.0
id==1.6.1
idna==3.17
imagesize==2.0.0
iniconfig==2.3.0
isort==8.0.1
jaraco.classes==3.4.0
jaraco.context==6.1.2
jaraco.functools==4.5.0
jeepney==0.9.0
Jinja2==3.1.6
keyring==25.7.0
librt==0.11.0
license-expression==30.4.4
logikal-docs==1.2.6
logikal-utils==1.9.0
markdown-it-py==4.2.0
MarkupSafe==3.0.3
mccabe==0.7.0
mdurl==0.1.2
more-itertools==11.1.0
mypy==2.1.0
mypy_extensions==1.1.0
nh3==0.3.5
orjson==3.11.9
packaging==26.2
pathspec==1.1.1
pip==26.1.1
platformdirs==4.10.0
pluggy==1.6.0
psutil==7.2.2
pycodestyle==2.14.0
pycparser==3.0
pydocstyle==6.3.0
Pygments==2.20.0
pylint==4.0.5
pyproject_hooks==1.2.0
pytest==9.0.3
pytest-cov==7.1.0
pytest-logikal==6.4.1
pytest-mock==3.15.1
pytest-mypy==1.0.1
pytest-xdist==3.8.0
PyYAML==6.0.3
readme_renderer==44.0
requests==2.34.2
requests-toolbelt==1.0.0
rfc3986==2.0.0
rich==15.0.0
roman-numerals==4.1.0
roman-numerals-py==4.1.0
SecretStorage==3.5.0
setuptools==82.0.1
snowballstemmer==3.1.0
Sphinx==8.2.3
sphinx_rtd_theme==3.1.0
sphinxcontrib-applehelp==2.0.0
sphinxcontrib-devhelp==2.0.0
sphinxcontrib-htmlhelp==2.1.0
sphinxcontrib-jquery==4.1
sphinxcontrib-jsmath==1.0.1
sphinxcontrib-qthelp==2.0.0
sphinxcontrib-serializinghtml==2.0.0
stevedore==5.8.0
termcolor==3.3.0
time-machine==3.2.0
tomlkit==0.15.0
twine==6.2.0
typing_extensions==4.15.0
urllib3==2.7.0
wheel==0.47.0
