###################################################################################################
##
##  DO NOT EDIT THIS FILE.
##  This is a locked requirements file generated by pyorbs.
##
##  Requirements hash: 4080472b2d71832aefc19cf06d7bf92eb525ff95b95eb488673918574b434a13
##
###################################################################################################
-e .
alabaster==0.7.13
Babel==2.14.0
certifi==2023.11.17
charset-normalizer==3.3.2
docutils==0.20.1
idna==3.6
imagesize==1.4.1
importlib-metadata==7.0.1
Jinja2==3.1.3
logikal-docs==1.1.4
logikal-utils==1.0.1
MarkupSafe==2.1.4
packaging==23.2
pip==23.3.2
Pygments==2.17.2
pytz==2023.3.post1
requests==2.31.0
setuptools==69.0.3
snowballstemmer==2.2.0
Sphinx==7.1.2
sphinx-rtd-theme==2.0.0
sphinxcontrib-applehelp==1.0.4
sphinxcontrib-devhelp==1.0.2
sphinxcontrib-htmlhelp==2.0.1
sphinxcontrib-jquery==4.1
sphinxcontrib-jsmath==1.0.1
sphinxcontrib-qthelp==1.0.3
sphinxcontrib-serializinghtml==1.1.5
termcolor==2.4.0
tomli==2.0.1
urllib3==2.1.0
wheel==0.42.0
zipp==3.17.0
