###################################################################################################
##
##  DO NOT EDIT THIS FILE.
##  This is a locked requirements file generated by pyorbs.
##
##  Requirements hash: 909b50e61689023ff6e07f590dc42a29db8e71e384cc9b6c483c4f9fa6d98aa0
##
###################################################################################################
-e .
alabaster==1.0.0
babel==2.18.0
certifi==2026.2.25
charset-normalizer==3.4.5
docutils==0.21.2
idna==3.11
imagesize==2.0.0
Jinja2==3.1.6
logikal-docs==1.2.5
logikal-utils==1.6.0
MarkupSafe==3.0.3
packaging==26.0
pip==26.0.1
Pygments==2.19.2
requests==2.32.5
roman-numerals==4.1.0
roman-numerals-py==4.1.0
setuptools==82.0.0
snowballstemmer==3.0.1
Sphinx==8.2.3
sphinx_rtd_theme==3.1.0
sphinxcontrib-applehelp==2.0.0
sphinxcontrib-devhelp==2.0.0
sphinxcontrib-htmlhelp==2.1.0
sphinxcontrib-jquery==4.1
sphinxcontrib-jsmath==1.0.1
sphinxcontrib-qthelp==2.0.0
sphinxcontrib-serializinghtml==2.0.0
termcolor==3.3.0
urllib3==2.6.3
wheel==0.46.3
