###################################################################################################
##
##  DO NOT EDIT THIS FILE.
##  This is a locked requirements file generated by pyorbs.
##
##  Requirements hash: 044d26d98f2327d1646ffbcb0eec9abe3665fed236266302c8a1195f7bb16442
##
###################################################################################################
packaging==26.3
pip==26.2.1
setuptools==83.0.0
wheel==0.48.0
