###################################################################################################
##
##  DO NOT EDIT THIS FILE.
##  This is a locked requirements file generated by pyorbs.
##
##  Requirements hash: 4d80dc0b933bb5b96167bb4ab0165a30582fcc51a0087e3e251207b29fecd9ca
##
###################################################################################################
pip==23.0
setuptools==67.2.0
wheel==0.40.0
