###################################################################################################
##
##  DO NOT EDIT THIS FILE.
##  This is a locked requirements file generated by pyorbs.
##
##  Requirements hash: 2658c5c5e9ba2e08fb61c7621cd510a9cf592ddd19bf09f8507590ff2a460d4c
##
###################################################################################################
packaging==26.0
pip==26.0.1
setuptools==80.10.1
wheel==0.46.3
