###################################################################################################
##
##  DO NOT EDIT THIS FILE.
##  This is a locked requirements file generated by pyorbs.
##
##  Requirements hash: af986f0d9165ab06b170754cad5a5be138fbc4cfc7f4fcffbc56590433b149c9
##
###################################################################################################
pip==23.0
setuptools==67.2.0
wheel==0.40.0
