###################################################################################################
##
##  DO NOT EDIT THIS FILE.
##  This is a locked requirements file generated by pyorbs.
##
##  Requirements hash: aaee537a73664f0512ac3b8c6807dbab82c09eabd162312037766633ac529fa0
##
###################################################################################################
pip==23.0
setuptools==67.2.0
wheel==0.40.0
