###################################################################################################
##
##  DO NOT EDIT THIS FILE.
##  This is a locked requirements file generated by pyorbs.
##
##  Requirements hash: 8f7151bbd046232705e2e490608a7b94fb73eed79437fffe4f83257497d1758a
##
###################################################################################################
-i https://pypi.python.org/simple
--extra-index-url https://pypi.python.org/simple
packaging==26.3
pip==26.2.1
setuptools==83.0.0
wheel==0.48.0
