###################################################################################################
##
##  DO NOT EDIT THIS FILE.
##  This is a locked requirements file generated by pyorbs.
##
##  Requirements hash: c1d7d1344b2711308572a5d6fc7c24290c40b77ff32eb67bc6cb7086350ea72f
##
###################################################################################################
packaging==26.3
pip==26.2.1
setuptools==83.0.0
wheel==0.48.0
