###################################################################################################
##
##  DO NOT EDIT THIS FILE.
##  This is a locked requirements file generated by pyorbs.
##
##  Requirements hash: 1ad863e2cbc642a2bdad46364e5d593e6400dcf9cb17241a9e7869c683d11d42
##
###################################################################################################
packaging==26.3
pip==26.0.1
setuptools==83.0.0
wheel==0.46.3
