###################################################################################################
##
##  DO NOT EDIT THIS FILE.
##  This is a locked requirements file generated by pyorbs.
##
##  Requirements hash: 43c8665f15ac7fc85fddb1e8be3d847b6576ab430fffdfd4d2ad822afb254e7f
##
###################################################################################################
-i https://pypi.python.org/simple
--extra-index-url https://pypi.python.org/simple
pip==25.0
setuptools==75.8.0
wheel==0.45.1
