###################################################################################################
##
##  DO NOT EDIT THIS FILE.
##  This is a locked requirements file generated by pyorbs.
##
##  Requirements hash: db04faee98c00fb4adfb92caf1ab379b880863d5fd798b123f2546f6403cdeb9
##
###################################################################################################
packaging==26.3
pip==26.2.1
setuptools==83.0.0
wheel==0.48.0
