###################################################################################################
##
##  DO NOT EDIT THIS FILE.
##  This is a locked requirements file generated by pyorbs.
##
##  Requirements hash: e3b8a2b7476591b6d0f6820ed76f116540f1142013e713b3101a70b37934e35a
##
###################################################################################################
-i https://pypi.python.org/simple
--extra-index-url https://pypi.python.org/simple
packaging==26.3
pip==26.2.1
setuptools==83.0.0
wheel==0.48.0
