###################################################################################################
##
##  DO NOT EDIT THIS FILE.
##  This is a locked requirements file generated by pyorbs.
##
##  Requirements hash: a44fd0d9e0f9f63a59c540c2c6886d9a501c0a4f26afa8c8ce33f71f2e23611c
##
###################################################################################################
-i https://pypi.python.org/simple
--extra-index-url https://pypi.python.org/simple
pip==25.0
setuptools==75.8.0
wheel==0.45.1
