###################################################################################################
##
##  DO NOT EDIT THIS FILE.
##  This is a locked requirements file generated by pyorbs.
##
##  Requirements hash: 207bd24f73e81842289cce910996b08f5ae9865c5800b1a339f3ad5064163a2a
##
###################################################################################################
-i https://pypi.python.org/simple
--extra-index-url https://pypi.python.org/simple
packaging==26.2
pip==26.0.1
setuptools==80.10.2
wheel==0.46.3
