###################################################################################################
##
##  DO NOT EDIT THIS FILE.
##  This is a locked requirements file generated by pyorbs.
##
##  Requirements hash: 6c37ea92bac98ee6a75c8409bf2c73b91aa94790ef2e108c942667fb2865332f
##
###################################################################################################
packaging==26.3
pip==26.0.1
setuptools==83.0.0
wheel==0.46.3
