###################################################################################################
##
##  DO NOT EDIT THIS FILE.
##  This is a locked requirements file generated by pyorbs.
##
##  Requirements hash: d7860535eb623c7b477f85ce3348cc4e330fc5447c10f4803f84c1b6648c84a4
##
###################################################################################################
-i https://pypi.python.org/simple
--extra-index-url https://pypi.python.org/simple
packaging==26.2
pip==26.0.1
setuptools==80.10.2
wheel==0.46.3
