###################################################################################################
##
##  DO NOT EDIT THIS FILE.
##  This is a locked requirements file generated by pyorbs.
##
##  Requirements hash: f557757034ef54ec1fbc83dcdcec8c10c549a1cd3173c2eaf09d50206a755a4a
##
###################################################################################################
-i https://pypi.python.org/simple
--extra-index-url https://pypi.python.org/simple
packaging==26.3
pip==26.2.1
setuptools==83.0.0
wheel==0.48.0
