###################################################################################################
##
##  DO NOT EDIT THIS FILE.
##  This is a locked requirements file generated by pyorbs.
##
##  Requirements hash: d7f839bb133418ca419618300fadfb3335fcf2a73c184e211ad9208a04df77db
##
###################################################################################################
-i https://pypi.python.org/simple
--extra-index-url https://pypi.python.org/simple
pip==25.0
setuptools==75.8.0
wheel==0.45.1
