###################################################################################################
##
##  DO NOT EDIT THIS FILE.
##  This is a locked requirements file generated by pyorbs.
##
##  Requirements hash: 158ec39017be3602fe5558c7288cdd7ec5ba0a942b78778d69fcb09c95c16e45
##
###################################################################################################
-i https://pypi.python.org/simple
--extra-index-url https://pypi.python.org/simple
packaging==26.0
pip==26.0.1
setuptools==80.10.2
wheel==0.46.3
